
Microsoft Visual Studio Solution File, Format Version 12.00
# Visual Studio Version 16
VisualStudioVersion = 16.0.31424.327
MinimumVisualStudioVersion = 10.0.40219.1
Project("{FAE04EC0-301F-11D3-BF4B-00C04F79EFBC}") = "ProjectPhase(1)SDA", "ProjectPhase(1)SDA.csproj", "{B774D1CA-63F6-498D-8C86-DDB2A2A5C7C2}"
EndProject
Global
	GlobalSection(SolutionConfigurationPlatforms) = preSolution
		Debug|Any CPU = Debug|Any CPU
		Release|Any CPU = Release|Any CPU
	EndGlobalSection
	GlobalSection(ProjectConfigurationPlatforms) = postSolution
		{B774D1CA-63F6-498D-8C86-DDB2A2A5C7C2}.Debug|Any CPU.ActiveCfg = Debug|Any CPU
		{B774D1CA-63F6-498D-8C86-DDB2A2A5C7C2}.Debug|Any CPU.Build.0 = Debug|Any CPU
		{B774D1CA-63F6-498D-8C86-DDB2A2A5C7C2}.Release|Any CPU.ActiveCfg = Release|Any CPU
		{B774D1CA-63F6-498D-8C86-DDB2A2A5C7C2}.Release|Any CPU.Build.0 = Release|Any CPU
	EndGlobalSection
	GlobalSection(SolutionProperties) = preSolution
		HideSolutionNode = FALSE
	EndGlobalSection
	GlobalSection(ExtensibilityGlobals) = postSolution
		SolutionGuid = {CE4DAEA5-2D31-4FD2-8A85-48E36FC39E0F}
	EndGlobalSection
EndGlobal
